// !$*UTF8*$!
{
	archiveVersion = 1;
	classes = {
	};
	objectVersion = 50;
	objects = {

/* Begin PBXBuildFile section */
		CAE003F22739ECE70020BD73 /* AppDelegate.swift in Sources */ = {isa = PBXBuildFile; fileRef = CAE003F12739ECE70020BD73 /* AppDelegate.swift */; };
		CAE003F42739ECE70020BD73 /* SceneDelegate.swift in Sources */ = {isa = PBXBuildFile; fileRef = CAE003F32739ECE70020BD73 /* SceneDelegate.swift */; };
		CAE003F62739ECE70020BD73 /* ViewController.swift in Sources */ = {isa = PBXBuildFile; fileRef = CAE003F52739ECE70020BD73 /* ViewController.swift */; };
		CAE003F92739ECE70020BD73 /* Main.storyboard in Resources */ = {isa = PBXBuildFile; fileRef = CAE003F72739ECE70020BD73 /* Main.storyboard */; };
		CAE003FB2739ECEB0020BD73 /* Assets.xcassets in Resources */ = {isa = PBXBuildFile; fileRef = CAE003FA2739ECEB0020BD73 /* Assets.xcassets */; };
		CAE003FE2739ECEB0020BD73 /* LaunchScreen.storyboard in Resources */ = {isa = PBXBuildFile; fileRef = CAE003FC2739ECEB0020BD73 /* LaunchScreen.storyboard */; };
		CAE004092739ECEC0020BD73 /* depressionBrookTests.swift in Sources */ = {isa = PBXBuildFile; fileRef = CAE004082739ECEC0020BD73 /* depressionBrookTests.swift */; };
		CAE004142739ECEC0020BD73 /* depressionBrookUITests.swift in Sources */ = {isa = PBXBuildFile; fileRef = CAE004132739ECEC0020BD73 /* depressionBrookUITests.swift */; };
/* End PBXBuildFile section */

/* Begin PBXContainerItemProxy section */
		CAE004052739ECEC0020BD73 /* PBXContainerItemProxy */ = {
			isa = PBXContainerItemProxy;
			containerPortal = CAE003E62739ECE70020BD73 /* Project object */;
			proxyType = 1;
			remoteGlobalIDString = CAE003ED2739ECE70020BD73;
			remoteInfo = depressionBrook;
		};
		CAE004102739ECEC0020BD73 /* PBXContainerItemProxy */ = {
			isa = PBXContainerItemProxy;
			containerPortal = CAE003E62739ECE70020BD73 /* Project object */;
			proxyType = 1;
			remoteGlobalIDString = CAE003ED2739ECE70020BD73;
			remoteInfo = depressionBrook;
		};
/* End PBXContainerItemProxy section */

/* Begin PBXFileReference section */
		CAE003EE2739ECE70020BD73 /* depressionBrook.app */ = {isa = PBXFileReference; explicitFileType = wrapper.application; includeInIndex = 0; path = depressionBrook.app; sourceTree = BUILT_PRODUCTS_DIR; };
		CAE003F12739ECE70020BD73 /* AppDelegate.swift */ = {isa = PBXFileReference; lastKnownFileType = sourcecode.swift; path = AppDelegate.swift; sourceTree = "<group>"; };
		CAE003F32739ECE70020BD73 /* SceneDelegate.swift */ = {isa = PBXFileReference; lastKnownFileType = sourcecode.swift; path = SceneDelegate.swift; sourceTree = "<group>"; };
		CAE003F52739ECE70020BD73 /* ViewController.swift */ = {isa = PBXFileReference; lastKnownFileType = sourcecode.swift; path = ViewController.swift; sourceTree = "<group>"; };
		CAE003F82739ECE70020BD73 /* Base */ = {isa = PBXFileReference; lastKnownFileType = file.storyboard; name = Base; path = Base.lproj/Main.storyboard; sourceTree = "<group>"; };
		CAE003FA2739ECEB0020BD73 /* Assets.xcassets */ = {isa = PBXFileReference; lastKnownFileType = folder.assetcatalog; path = Assets.xcassets; sourceTree = "<group>"; };
		CAE003FD2739ECEB0020BD73 /* Base */ = {isa = PBXFileReference; lastKnownFileType = file.storyboard; name = Base; path = Base.lproj/LaunchScreen.storyboard; sourceTree = "<group>"; };
		CAE003FF2739ECEB0020BD73 /* Info.plist */ = {isa = PBXFileReference; lastKnownFileType = text.plist.xml; path = Info.plist; sourceTree = "<group>"; };
		CAE004042739ECEC0020BD73 /* depressionBrookTests.xctest */ = {isa = PBXFileReference; explicitFileType = wrapper.cfbundle; includeInIndex = 0; path = depressionBrookTests.xctest; sourceTree = BUILT_PRODUCTS_DIR; };
		CAE004082739ECEC0020BD73 /* depressionBrookTests.swift */ = {isa = PBXFileReference; lastKnownFileType = sourcecode.swift; path = depressionBrookTests.swift; sourceTree = "<group>"; };
		CAE0040A2739ECEC0020BD73 /* Info.plist */ = {isa = PBXFileReference; lastKnownFileType = text.plist.xml; path = Info.plist; sourceTree = "<group>"; };
		CAE0040F2739ECEC0020BD73 /* depressionBrookUITests.xctest */ = {isa = PBXFileReference; explicitFileType = wrapper.cfbundle; includeInIndex = 0; path = depressionBrookUITests.xctest; sourceTree = BUILT_PRODUCTS_DIR; };
		CAE004132739ECEC0020BD73 /* depressionBrookUITests.swift */ = {isa = PBXFileReference; lastKnownFileType = sourcecode.swift; path = depressionBrookUITests.swift; sourceTree = "<group>"; };
		CAE004152739ECEC0020BD73 /* Info.plist */ = {isa = PBXFileReference; lastKnownFileType = text.plist.xml; path = Info.plist; sourceTree = "<group>"; };
/* End PBXFileReference section */

/* Begin PBXFrameworksBuildPhase section */
		CAE003EB2739ECE70020BD73 /* Frameworks */ = {
			isa = PBXFrameworksBuildPhase;
			buildActionMask = 2147483647;
			files = (
			);
			runOnlyForDeploymentPostprocessing = 0;
		};
		CAE004012739ECEC0020BD73 /* Frameworks */ = {
			isa = PBXFrameworksBuildPhase;
			buildActionMask = 2147483647;
			files = (
			);
			runOnlyForDeploymentPostprocessing = 0;
		};
		CAE0040C2739ECEC0020BD73 /* Frameworks */ = {
			isa = PBXFrameworksBuildPhase;
			buildActionMask = 2147483647;
			files = (
			);
			runOnlyForDeploymentPostprocessing = 0;
		};
/* End PBXFrameworksBuildPhase section */

/* Begin PBXGroup section */
		CAE003E52739ECE70020BD73 = {
			isa = PBXGroup;
			children = (
				CAE003F02739ECE70020BD73 /* depressionBrook */,
				CAE004072739ECEC0020BD73 /* depressionBrookTests */,
				CAE004122739ECEC0020BD73 /* depressionBrookUITests */,
				CAE003EF2739ECE70020BD73 /* Products */,
			);
			sourceTree = "<group>";
		};
		CAE003EF2739ECE70020BD73 /* Products */ = {
			isa = PBXGroup;
			children = (
				CAE003EE2739ECE70020BD73 /* depressionBrook.app */,
				CAE004042739ECEC0020BD73 /* depressionBrookTests.xctest */,
				CAE0040F2739ECEC0020BD73 /* depressionBrookUITests.xctest */,
			);
			name = Products;
			sourceTree = "<group>";
		};
		CAE003F02739ECE70020BD73 /* depressionBrook */ = {
			isa = PBXGroup;
			children = (
				CAE003F12739ECE70020BD73 /* AppDelegate.swift */,
				CAE003F32739ECE70020BD73 /* SceneDelegate.swift */,
				CAE003F52739ECE70020BD73 /* ViewController.swift */,
				CAE003F72739ECE70020BD73 /* Main.storyboard */,
				CAE003FA2739ECEB0020BD73 /* Assets.xcassets */,
				CAE003FC2739ECEB0020BD73 /* LaunchScreen.storyboard */,
				CAE003FF2739ECEB0020BD73 /* Info.plist */,
			);
			path = depressionBrook;
			sourceTree = "<group>";
		};
		CAE004072739ECEC0020BD73 /* depressionBrookTests */ = {
			isa = PBXGroup;
			children = (
				CAE004082739ECEC0020BD73 /* depressionBrookTests.swift */,
				CAE0040A2739ECEC0020BD73 /* Info.plist */,
			);
			path = depressionBrookTests;
			sourceTree = "<group>";
		};
		CAE004122739ECEC0020BD73 /* depressionBrookUITests */ = {
			isa = PBXGroup;
			children = (
				CAE004132739ECEC0020BD73 /* depressionBrookUITests.swift */,
				CAE004152739ECEC0020BD73 /* Info.plist */,
			);
			path = depressionBrookUITests;
			sourceTree = "<group>";
		};
/* End PBXGroup section */

/* Begin PBXNativeTarget section */
		CAE003ED2739ECE70020BD73 /* depressionBrook */ = {
			isa = PBXNativeTarget;
			buildConfigurationList = CAE004182739ECEC0020BD73 /* Build configuration list for PBXNativeTarget "depressionBrook" */;
			buildPhases = (
				CAE003EA2739ECE70020BD73 /* Sources */,
				CAE003EB2739ECE70020BD73 /* Frameworks */,
				CAE003EC2739ECE70020BD73 /* Resources */,
			);
			buildRules = (
			);
			dependencies = (
			);
			name = depressionBrook;
			productName = depressionBrook;
			productReference = CAE003EE2739ECE70020BD73 /* depressionBrook.app */;
			productType = "com.apple.product-type.application";
		};
		CAE004032739ECEC0020BD73 /* depressionBrookTests */ = {
			isa = PBXNativeTarget;
			buildConfigurationList = CAE0041B2739ECEC0020BD73 /* Build configuration list for PBXNativeTarget "depressionBrookTests" */;
			buildPhases = (
				CAE004002739ECEC0020BD73 /* Sources */,
				CAE004012739ECEC0020BD73 /* Frameworks */,
				CAE004022739ECEC0020BD73 /* Resources */,
			);
			buildRules = (
			);
			dependencies = (
				CAE004062739ECEC0020BD73 /* PBXTargetDependency */,
			);
			name = depressionBrookTests;
			productName = depressionBrookTests;
			productReference = CAE004042739ECEC0020BD73 /* depressionBrookTests.xctest */;
			productType = "com.apple.product-type.bundle.unit-test";
		};
		CAE0040E2739ECEC0020BD73 /* depressionBrookUITests */ = {
			isa = PBXNativeTarget;
			buildConfigurationList = CAE0041E2739ECEC0020BD73 /* Build configuration list for PBXNativeTarget "depressionBrookUITests" */;
			buildPhases = (
				CAE0040B2739ECEC0020BD73 /* Sources */,
				CAE0040C2739ECEC0020BD73 /* Frameworks */,
				CAE0040D2739ECEC0020BD73 /* Resources */,
			);
			buildRules = (
			);
			dependencies = (
				CAE004112739ECEC0020BD73 /* PBXTargetDependency */,
			);
			name = depressionBrookUITests;
			productName = depressionBrookUITests;
			productReference = CAE0040F2739ECEC0020BD73 /* depressionBrookUITests.xctest */;
			productType = "com.apple.product-type.bundle.ui-testing";
		};
/* End PBXNativeTarget section */

/* Begin PBXProject section */
		CAE003E62739ECE70020BD73 /* Project object */ = {
			isa = PBXProject;
			attributes = {
				LastSwiftUpdateCheck = 1250;
				LastUpgradeCheck = 1250;
				TargetAttributes = {
					CAE003ED2739ECE70020BD73 = {
						CreatedOnToolsVersion = 12.5.1;
					};
					CAE004032739ECEC0020BD73 = {
						CreatedOnToolsVersion = 12.5.1;
						TestTargetID = CAE003ED2739ECE70020BD73;
					};
					CAE0040E2739ECEC0020BD73 = {
						CreatedOnToolsVersion = 12.5.1;
						TestTargetID = CAE003ED2739ECE70020BD73;
					};
				};
			};
			buildConfigurationList = CAE003E92739ECE70020BD73 /* Build configuration list for PBXProject "depressionBrook" */;
			compatibilityVersion = "Xcode 9.3";
			developmentRegion = en;
			hasScannedForEncodings = 0;
			knownRegions = (
				en,
				Base,
			);
			mainGroup = CAE003E52739ECE70020BD73;
			productRefGroup = CAE003EF2739ECE70020BD73 /* Products */;
			projectDirPath = "";
			projectRoot = "";
			targets = (
				CAE003ED2739ECE70020BD73 /* depressionBrook */,
				CAE004032739ECEC0020BD73 /* depressionBrookTests */,
				CAE0040E2739ECEC0020BD73 /* depressionBrookUITests */,
			);
		};
/* End PBXProject section */

/* Begin PBXResourcesBuildPhase section */
		CAE003EC2739ECE70020BD73 /* Resources */ = {
			isa = PBXResourcesBuildPhase;
			buildActionMask = 2147483647;
			files = (
				CAE003FE2739ECEB0020BD73 /* LaunchScreen.storyboard in Resources */,
				CAE003FB2739ECEB0020BD73 /* Assets.xcassets in Resources */,
				CAE003F92739ECE70020BD73 /* Main.storyboard in Resources */,
			);
			runOnlyForDeploymentPostprocessing = 0;
		};
		CAE004022739ECEC0020BD73 /* Resources */ = {
			isa = PBXResourcesBuildPhase;
			buildActionMask = 2147483647;
			files = (
			);
			runOnlyForDeploymentPostprocessing = 0;
		};
		CAE0040D2739ECEC0020BD73 /* Resources */ = {
			isa = PBXResourcesBuildPhase;
			buildActionMask = 2147483647;
			files = (
			);
			runOnlyForDeploymentPostprocessing = 0;
		};
/* End PBXResourcesBuildPhase section */

/* Begin PBXSourcesBuildPhase section */
		CAE003EA2739ECE70020BD73 /* Sources */ = {
			isa = PBXSourcesBuildPhase;
			buildActionMask = 2147483647;
			files = (
				CAE003F62739ECE70020BD73 /* ViewController.swift in Sources */,
				CAE003F22739ECE70020BD73 /* AppDelegate.swift in Sources */,
				CAE003F42739ECE70020BD73 /* SceneDelegate.swift in Sources */,
			);
			runOnlyForDeploymentPostprocessing = 0;
		};
		CAE004002739ECEC0020BD73 /* Sources */ = {
			isa = PBXSourcesBuildPhase;
			buildActionMask = 2147483647;
			files = (
				CAE004092739ECEC0020BD73 /* depressionBrookTests.swift in Sources */,
			);
			runOnlyForDeploymentPostprocessing = 0;
		};
		CAE0040B2739ECEC0020BD73 /* Sources */ = {
			isa = PBXSourcesBuildPhase;
			buildActionMask = 2147483647;
			files = (
				CAE004142739ECEC0020BD73 /* depressionBrookUITests.swift in Sources */,
			);
			runOnlyForDeploymentPostprocessing = 0;
		};
/* End PBXSourcesBuildPhase section */

/* Begin PBXTargetDependency section */
		CAE004062739ECEC0020BD73 /* PBXTargetDependency */ = {
			isa = PBXTargetDependency;
			target = CAE003ED2739ECE70020BD73 /* depressionBrook */;
			targetProxy = CAE004052739ECEC0020BD73 /* PBXContainerItemProxy */;
		};
		CAE004112739ECEC0020BD73 /* PBXTargetDependency */ = {
			isa = PBXTargetDependency;
			target = CAE003ED2739ECE70020BD73 /* depressionBrook */;
			targetProxy = CAE004102739ECEC0020BD73 /* PBXContainerItemProxy */;
		};
/* End PBXTargetDependency section */

/* Begin PBXVariantGroup section */
		CAE003F72739ECE70020BD73 /* Main.storyboard */ = {
			isa = PBXVariantGroup;
			children = (
				CAE003F82739ECE70020BD73 /* Base */,
			);
			name = Main.storyboard;
			sourceTree = "<group>";
		};
		CAE003FC2739ECEB0020BD73 /* LaunchScreen.storyboard */ = {
			isa = PBXVariantGroup;
			children = (
				CAE003FD2739ECEB0020BD73 /* Base */,
			);
			name = LaunchScreen.storyboard;
			sourceTree = "<group>";
		};
/* End PBXVariantGroup section */

/* Begin XCBuildConfiguration section */
		CAE004162739ECEC0020BD73 /* Debug */ = {
			isa = XCBuildConfiguration;
			buildSettings = {
				ALWAYS_SEARCH_USER_PATHS = NO;
				CLANG_ANALYZER_NONNULL = YES;
				CLANG_ANALYZER_NUMBER_OBJECT_CONVERSION = YES_AGGRESSIVE;
				CLANG_CXX_LANGUAGE_STANDARD = "gnu++14";
				CLANG_CXX_LIBRARY = "libc++";
				CLANG_ENABLE_MODULES = YES;
				CLANG_ENABLE_OBJC_ARC = YES;
				CLANG_ENABLE_OBJC_WEAK = YES;
				CLANG_WARN_BLOCK_CAPTURE_AUTORELEASING = YES;
				CLANG_WARN_BOOL_CONVERSION = YES;
				CLANG_WARN_COMMA = YES;
				CLANG_WARN_CONSTANT_CONVERSION = YES;
				CLANG_WARN_DEPRECATED_OBJC_IMPLEMENTATIONS = YES;
				CLANG_WARN_DIRECT_OBJC_ISA_USAGE = YES_ERROR;
				CLANG_WARN_DOCUMENTATION_COMMENTS = YES;
				CLANG_WARN_EMPTY_BODY = YES;
				CLANG_WARN_ENUM_CONVERSION = YES;
				CLANG_WARN_INFINITE_RECURSION = YES;
				CLANG_WARN_INT_CONVERSION = YES;
				CLANG_WARN_NON_LITERAL_NULL_CONVERSION = YES;
				CLANG_WARN_OBJC_IMPLICIT_RETAIN_SELF = YES;
				CLANG_WARN_OBJC_LITERAL_CONVERSION = YES;
				CLANG_WARN_OBJC_ROOT_CLASS = YES_ERROR;
				CLANG_WARN_QUOTED_INCLUDE_IN_FRAMEWORK_HEADER = YES;
				CLANG_WARN_RANGE_LOOP_ANALYSIS = YES;
				CLANG_WARN_STRICT_PROTOTYPES = YES;
				CLANG_WARN_SUSPICIOUS_MOVE = YES;
				CLANG_WARN_UNGUARDED_AVAILABILITY = YES_AGGRESSIVE;
				CLANG_WARN_UNREACHABLE_CODE = YES;
				CLANG_WARN__DUPLICATE_METHOD_MATCH = YES;
				COPY_PHASE_STRIP = NO;
				DEBUG_INFORMATION_FORMAT = dwarf;
				ENABLE_STRICT_OBJC_MSGSEND = YES;
				ENABLE_TESTABILITY = YES;
				GCC_C_LANGUAGE_STANDARD = gnu11;
				GCC_DYNAMIC_NO_PIC = NO;
				GCC_NO_COMMON_BLOCKS = YES;
				GCC_OPTIMIZATION_LEVEL = 0;
				GCC_PREPROCESSOR_DEFINITIONS = (
					"DEBUG=1",
					"$(inherited)",
				);
				GCC_WARN_64_TO_32_BIT_CONVERSION = YES;
				GCC_WARN_ABOUT_RETURN_TYPE = YES_ERROR;
				GCC_WARN_UNDECLARED_SELECTOR = YES;
				GCC_WARN_UNINITIALIZED_AUTOS = YES_AGGRESSIVE;
				GCC_WARN_UNUSED_FUNCTION = YES;
				GCC_WARN_UNUSED_VARIABLE = YES;
				IPHONEOS_DEPLOYMENT_TARGET = 14.5;
				MTL_ENABLE_DEBUG_INFO = INCLUDE_SOURCE;
				MTL_FAST_MATH = YES;
				ONLY_ACTIVE_ARCH = YES;
				SDKROOT = iphoneos;
				SWIFT_ACTIVE_COMPILATION_CONDITIONS = DEBUG;
				SWIFT_OPTIMIZATION_LEVEL = "-Onone";
			};
			name = Debug;
		};
		CAE004172739ECEC0020BD73 /* Release */ = {
			isa = XCBuildConfiguration;
			buildSettings = {
				ALWAYS_SEARCH_USER_PATHS = NO;
				CLANG_ANALYZER_NONNULL = YES;
				CLANG_ANALYZER_NUMBER_OBJECT_CONVERSION = YES_AGGRESSIVE;
				CLANG_CXX_LANGUAGE_STANDARD = "gnu++14";
				CLANG_CXX_LIBRARY = "libc++";
				CLANG_ENABLE_MODULES = YES;
				CLANG_ENABLE_OBJC_ARC = YES;
				CLANG_ENABLE_OBJC_WEAK = YES;
				CLANG_WARN_BLOCK_CAPTURE_AUTORELEASING = YES;
				CLANG_WARN_BOOL_CONVERSION = YES;
				CLANG_WARN_COMMA = YES;
				CLANG_WARN_CONSTANT_CONVERSION = YES;
				CLANG_WARN_DEPRECATED_OBJC_IMPLEMENTATIONS = YES;
				CLANG_WARN_DIRECT_OBJC_ISA_USAGE = YES_ERROR;
				CLANG_WARN_DOCUMENTATION_COMMENTS = YES;
				CLANG_WARN_EMPTY_BODY = YES;
				CLANG_WARN_ENUM_CONVERSION = YES;
				CLANG_WARN_INFINITE_RECURSION = YES;
				CLANG_WARN_INT_CONVERSION = YES;
				CLANG_WARN_NON_LITERAL_NULL_CONVERSION = YES;
				CLANG_WARN_OBJC_IMPLICIT_RETAIN_SELF = YES;
				CLANG_WARN_OBJC_LITERAL_CONVERSION = YES;
				CLANG_WARN_OBJC_ROOT_CLASS = YES_ERROR;
				CLANG_WARN_QUOTED_INCLUDE_IN_FRAMEWORK_HEADER = YES;
				CLANG_WARN_RANGE_LOOP_ANALYSIS = YES;
				CLANG_WARN_STRICT_PROTOTYPES = YES;
				CLANG_WARN_SUSPICIOUS_MOVE = YES;
				CLANG_WARN_UNGUARDED_AVAILABILITY = YES_AGGRESSIVE;
				CLANG_WARN_UNREACHABLE_CODE = YES;
				CLANG_WARN__DUPLICATE_METHOD_MATCH = YES;
				COPY_PHASE_STRIP = NO;
				DEBUG_INFORMATION_FORMAT = "dwarf-with-dsym";
				ENABLE_NS_ASSERTIONS = NO;
				ENABLE_STRICT_OBJC_MSGSEND = YES;
				GCC_C_LANGUAGE_STANDARD = gnu11;
				GCC_NO_COMMON_BLOCKS = YES;
				GCC_WARN_64_TO_32_BIT_CONVERSION = YES;
				GCC_WARN_ABOUT_RETURN_TYPE = YES_ERROR;
				GCC_WARN_UNDECLARED_SELECTOR = YES;
				GCC_WARN_UNINITIALIZED_AUTOS = YES_AGGRESSIVE;
				GCC_WARN_UNUSED_FUNCTION = YES;
				GCC_WARN_UNUSED_VARIABLE = YES;
				IPHONEOS_DEPLOYMENT_TARGET = 14.5;
				MTL_ENABLE_DEBUG_INFO = NO;
				MTL_FAST_MATH = YES;
				SDKROOT = iphoneos;
				SWIFT_COMPILATION_MODE = wholemodule;
				SWIFT_OPTIMIZATION_LEVEL = "-O";
				VALIDATE_PRODUCT = YES;
			};
			name = Release;
		};
		CAE004192739ECEC0020BD73 /* Debug */ = {
			isa = XCBuildConfiguration;
			buildSettings = {
				ASSETCATALOG_COMPILER_APPICON_NAME = AppIcon;
				ASSETCATALOG_COMPILER_GLOBAL_ACCENT_COLOR_NAME = AccentColor;
				CODE_SIGN_STYLE = Automatic;
				INFOPLIST_FILE = depressionBrook/Info.plist;
				LD_RUNPATH_SEARCH_PATHS = (
					"$(inherited)",
					"@executable_path/Frameworks",
				);
				PRODUCT_BUNDLE_IDENTIFIER = com.cindyxyzhao.depressionBrook;
				PRODUCT_NAME = "$(TARGET_NAME)";
				SWIFT_VERSION = 5.0;
				TARGETED_DEVICE_FAMILY = "1,2";
			};
			name = Debug;
		};
		CAE0041A2739ECEC0020BD73 /* Release */ = {
			isa = XCBuildConfiguration;
			buildSettings = {
				ASSETCATALOG_COMPILER_APPICON_NAME = AppIcon;
				ASSETCATALOG_COMPILER_GLOBAL_ACCENT_COLOR_NAME = AccentColor;
				CODE_SIGN_STYLE = Automatic;
				INFOPLIST_FILE = depressionBrook/Info.plist;
				LD_RUNPATH_SEARCH_PATHS = (
					"$(inherited)",
					"@executable_path/Frameworks",
				);
				PRODUCT_BUNDLE_IDENTIFIER = com.cindyxyzhao.depressionBrook;
				PRODUCT_NAME = "$(TARGET_NAME)";
				SWIFT_VERSION = 5.0;
				TARGETED_DEVICE_FAMILY = "1,2";
			};
			name = Release;
		};
		CAE0041C2739ECEC0020BD73 /* Debug */ = {
			isa = XCBuildConfiguration;
			buildSettings = {
				ALWAYS_EMBED_SWIFT_STANDARD_LIBRARIES = YES;
				BUNDLE_LOADER = "$(TEST_HOST)";
				CODE_SIGN_STYLE = Automatic;
				INFOPLIST_FILE = depressionBrookTests/Info.plist;
				IPHONEOS_DEPLOYMENT_TARGET = 14.5;
				LD_RUNPATH_SEARCH_PATHS = (
					"$(inherited)",
					"@executable_path/Frameworks",
					"@loader_path/Frameworks",
				);
				PRODUCT_BUNDLE_IDENTIFIER = com.cindyxyzhao.depressionBrookTests;
				PRODUCT_NAME = "$(TARGET_NAME)";
				SWIFT_VERSION = 5.0;
				TARGETED_DEVICE_FAMILY = "1,2";
				TEST_HOST = "$(BUILT_PRODUCTS_DIR)/depressionBrook.app/depressionBrook";
			};
			name = Debug;
		};
		CAE0041D2739ECEC0020BD73 /* Release */ = {
			isa = XCBuildConfiguration;
			buildSettings = {
				ALWAYS_EMBED_SWIFT_STANDARD_LIBRARIES = YES;
				BUNDLE_LOADER = "$(TEST_HOST)";
				CODE_SIGN_STYLE = Automatic;
				INFOPLIST_FILE = depressionBrookTests/Info.plist;
				IPHONEOS_DEPLOYMENT_TARGET = 14.5;
				LD_RUNPATH_SEARCH_PATHS = (
					"$(inherited)",
					"@executable_path/Frameworks",
					"@loader_path/Frameworks",
				);
				PRODUCT_BUNDLE_IDENTIFIER = com.cindyxyzhao.depressionBrookTests;
				PRODUCT_NAME = "$(TARGET_NAME)";
				SWIFT_VERSION = 5.0;
				TARGETED_DEVICE_FAMILY = "1,2";
				TEST_HOST = "$(BUILT_PRODUCTS_DIR)/depressionBrook.app/depressionBrook";
			};
			name = Release;
		};
		CAE0041F2739ECEC0020BD73 /* Debug */ = {
			isa = XCBuildConfiguration;
			buildSettings = {
				ALWAYS_EMBED_SWIFT_STANDARD_LIBRARIES = YES;
				CODE_SIGN_STYLE = Automatic;
				INFOPLIST_FILE = depressionBrookUITests/Info.plist;
				LD_RUNPATH_SEARCH_PATHS = (
					"$(inherited)",
					"@executable_path/Frameworks",
					"@loader_path/Frameworks",
				);
				PRODUCT_BUNDLE_IDENTIFIER = com.cindyxyzhao.depressionBrookUITests;
				PRODUCT_NAME = "$(TARGET_NAME)";
				SWIFT_VERSION = 5.0;
				TARGETED_DEVICE_FAMILY = "1,2";
				TEST_TARGET_NAME = depressionBrook;
			};
			name = Debug;
		};
		CAE004202739ECEC0020BD73 /* Release */ = {
			isa = XCBuildConfiguration;
			buildSettings = {
				ALWAYS_EMBED_SWIFT_STANDARD_LIBRARIES = YES;
				CODE_SIGN_STYLE = Automatic;
				INFOPLIST_FILE = depressionBrookUITests/Info.plist;
				LD_RUNPATH_SEARCH_PATHS = (
					"$(inherited)",
					"@executable_path/Frameworks",
					"@loader_path/Frameworks",
				);
				PRODUCT_BUNDLE_IDENTIFIER = com.cindyxyzhao.depressionBrookUITests;
				PRODUCT_NAME = "$(TARGET_NAME)";
				SWIFT_VERSION = 5.0;
				TARGETED_DEVICE_FAMILY = "1,2";
				TEST_TARGET_NAME = depressionBrook;
			};
			name = Release;
		};
/* End XCBuildConfiguration section */

/* Begin XCConfigurationList section */
		CAE003E92739ECE70020BD73 /* Build configuration list for PBXProject "depressionBrook" */ = {
			isa = XCConfigurationList;
			buildConfigurations = (
				CAE004162739ECEC0020BD73 /* Debug */,
				CAE004172739ECEC0020BD73 /* Release */,
			);
			defaultConfigurationIsVisible = 0;
			defaultConfigurationName = Release;
		};
		CAE004182739ECEC0020BD73 /* Build configuration list for PBXNativeTarget "depressionBrook" */ = {
			isa = XCConfigurationList;
			buildConfigurations = (
				CAE004192739ECEC0020BD73 /* Debug */,
				CAE0041A2739ECEC0020BD73 /* Release */,
			);
			defaultConfigurationIsVisible = 0;
			defaultConfigurationName = Release;
		};
		CAE0041B2739ECEC0020BD73 /* Build configuration list for PBXNativeTarget "depressionBrookTests" */ = {
			isa = XCConfigurationList;
			buildConfigurations = (
				CAE0041C2739ECEC0020BD73 /* Debug */,
				CAE0041D2739ECEC0020BD73 /* Release */,
			);
			defaultConfigurationIsVisible = 0;
			defaultConfigurationName = Release;
		};
		CAE0041E2739ECEC0020BD73 /* Build configuration list for PBXNativeTarget "depressionBrookUITests" */ = {
			isa = XCConfigurationList;
			buildConfigurations = (
				CAE0041F2739ECEC0020BD73 /* Debug */,
				CAE004202739ECEC0020BD73 /* Release */,
			);
			defaultConfigurationIsVisible = 0;
			defaultConfigurationName = Release;
		};
/* End XCConfigurationList section */
	};
	rootObject = CAE003E62739ECE70020BD73 /* Project object */;
}
